// !$*UTF8*$!
{
	archiveVersion = 1;
	classes = {
	};
	objectVersion = 56;
	objects = {

/* Begin PBXBuildFile section */
		8CF314E02F7D383F00E73357 /* Assets.xcassets in Resources */ = {isa = PBXBuildFile; fileRef = 8CF314DF2F7D383F00E73357 /* Assets.xcassets */; };
		8CF314F42F7D388A00E73357 /* Persistence.swift in Sources */ = {isa = PBXBuildFile; fileRef = 8CF314EE2F7D388A00E73357 /* Persistence.swift */; };
		8CF314F52F7D388A00E73357 /* Compras+CoreDataProperties.swift in Sources */ = {isa = PBXBuildFile; fileRef = 8CF314EF2F7D388A00E73357 /* Compras+CoreDataProperties.swift */; };
		8CF314F62F7D388A00E73357 /* ContentView.swift in Sources */ = {isa = PBXBuildFile; fileRef = 8CF314F02F7D388A00E73357 /* ContentView.swift */; };
		8CF314F82F7D388A00E73357 /* AgregarArticulos.swift in Sources */ = {isa = PBXBuildFile; fileRef = 8CF314F22F7D388A00E73357 /* AgregarArticulos.swift */; };
		8CF314F92F7D388A00E73357 /* Compras+CoreDataClass.swift in Sources */ = {isa = PBXBuildFile; fileRef = 8CF314F32F7D388A00E73357 /* Compras+CoreDataClass.swift */; };
		8CF314FB2F7D38AC00E73357 /* ShopingApp.swift in Sources */ = {isa = PBXBuildFile; fileRef = 8CF314FA2F7D38AC00E73357 /* ShopingApp.swift */; };
		8CF315002F7D392300E73357 /* Shoping.xcdatamodeld in Sources */ = {isa = PBXBuildFile; fileRef = 8CF314FE2F7D392300E73357 /* Shoping.xcdatamodeld */; };
/* End PBXBuildFile section */

/* Begin PBXFileReference section */
		8CF314D82F7D383D00E73357 /* Shoping.app */ = {isa = PBXFileReference; explicitFileType = wrapper.application; includeInIndex = 0; path = Shoping.app; sourceTree = BUILT_PRODUCTS_DIR; };
		8CF314DF2F7D383F00E73357 /* Assets.xcassets */ = {isa = PBXFileReference; lastKnownFileType = folder.assetcatalog; path = Assets.xcassets; sourceTree = "<group>"; };
		8CF314EE2F7D388A00E73357 /* Persistence.swift */ = {isa = PBXFileReference; fileEncoding = 4; lastKnownFileType = sourcecode.swift; name = Persistence.swift; path = ../../../Shoping22/Persistence.swift; sourceTree = "<group>"; };
		8CF314EF2F7D388A00E73357 /* Compras+CoreDataProperties.swift */ = {isa = PBXFileReference; fileEncoding = 4; lastKnownFileType = sourcecode.swift; name = "Compras+CoreDataProperties.swift"; path = "../../../Shoping22/Compras+CoreDataProperties.swift"; sourceTree = "<group>"; };
		8CF314F02F7D388A00E73357 /* ContentView.swift */ = {isa = PBXFileReference; fileEncoding = 4; lastKnownFileType = sourcecode.swift; name = ContentView.swift; path = ../../../Shoping22/ContentView.swift; sourceTree = "<group>"; };
		8CF314F12F7D388A00E73357 /* Info.plist */ = {isa = PBXFileReference; fileEncoding = 4; lastKnownFileType = text.plist.xml; name = Info.plist; path = ../../../Shoping22/Info.plist; sourceTree = "<group>"; };
		8CF314F22F7D388A00E73357 /* AgregarArticulos.swift */ = {isa = PBXFileReference; fileEncoding = 4; lastKnownFileType = sourcecode.swift; name = AgregarArticulos.swift; path = ../../../Shoping22/AgregarArticulos.swift; sourceTree = "<group>"; };
		8CF314F32F7D388A00E73357 /* Compras+CoreDataClass.swift */ = {isa = PBXFileReference; fileEncoding = 4; lastKnownFileType = sourcecode.swift; name = "Compras+CoreDataClass.swift"; path = "../../../Shoping22/Compras+CoreDataClass.swift"; sourceTree = "<group>"; };
		8CF314FA2F7D38AC00E73357 /* ShopingApp.swift */ = {isa = PBXFileReference; fileEncoding = 4; lastKnownFileType = sourcecode.swift; name = ShopingApp.swift; path = ../../../Shoping22/ShopingApp.swift; sourceTree = "<group>"; };
		8CF314FF2F7D392300E73357 /* Shoping.xcdatamodel */ = {isa = PBXFileReference; lastKnownFileType = wrapper.xcdatamodel; path = Shoping.xcdatamodel; sourceTree = "<group>"; };
/* End PBXFileReference section */

/* Begin PBXFrameworksBuildPhase section */
		8CF314D52F7D383D00E73357 /* Frameworks */ = {
			isa = PBXFrameworksBuildPhase;
			buildActionMask = 2147483647;
			files = (
			);
			runOnlyForDeploymentPostprocessing = 0;
		};
/* End PBXFrameworksBuildPhase section */

/* Begin PBXGroup section */
		8CF314CF2F7D383D00E73357 = {
			isa = PBXGroup;
			children = (
				8CF314DA2F7D383D00E73357 /* Shoping */,
				8CF314D92F7D383D00E73357 /* Products */,
			);
			sourceTree = "<group>";
		};
		8CF314D92F7D383D00E73357 /* Products */ = {
			isa = PBXGroup;
			children = (
				8CF314D82F7D383D00E73357 /* Shoping.app */,
			);
			name = Products;
			sourceTree = "<group>";
		};
		8CF314DA2F7D383D00E73357 /* Shoping */ = {
			isa = PBXGroup;
			children = (
				8CF314E12F7D383F00E73357 /* Preview Content */,
			);
			path = Shoping;
			sourceTree = "<group>";
		};
		8CF314E12F7D383F00E73357 /* Preview Content */ = {
			isa = PBXGroup;
			children = (
				8CF314F32F7D388A00E73357 /* Compras+CoreDataClass.swift */,
				8CF314EF2F7D388A00E73357 /* Compras+CoreDataProperties.swift */,
				8CF314F02F7D388A00E73357 /* ContentView.swift */,
				8CF314F22F7D388A00E73357 /* AgregarArticulos.swift */,
				8CF314EE2F7D388A00E73357 /* Persistence.swift */,
				8CF314FA2F7D38AC00E73357 /* ShopingApp.swift */,
				8CF314F12F7D388A00E73357 /* Info.plist */,
				8CF314FE2F7D392300E73357 /* Shoping.xcdatamodeld */,
				8CF314DF2F7D383F00E73357 /* Assets.xcassets */,
			);
			path = "Preview Content";
			sourceTree = "<group>";
		};
/* End PBXGroup section */

/* Begin PBXNativeTarget section */
		8CF314D72F7D383D00E73357 /* Shoping */ = {
			isa = PBXNativeTarget;
			buildConfigurationList = 8CF314EB2F7D383F00E73357 /* Build configuration list for PBXNativeTarget "Shoping" */;
			buildPhases = (
				8CF314D42F7D383D00E73357 /* Sources */,
				8CF314D52F7D383D00E73357 /* Frameworks */,
				8CF314D62F7D383D00E73357 /* Resources */,
			);
			buildRules = (
			);
			dependencies = (
			);
			name = Shoping;
			productName = Shoping;
			productReference = 8CF314D82F7D383D00E73357 /* Shoping.app */;
			productType = "com.apple.product-type.application";
		};
/* End PBXNativeTarget section */

/* Begin PBXProject section */
		8CF314D02F7D383D00E73357 /* Project object */ = {
			isa = PBXProject;
			attributes = {
				BuildIndependentTargetsInParallel = 1;
				LastSwiftUpdateCheck = 1430;
				LastUpgradeCheck = 1430;
				TargetAttributes = {
					8CF314D72F7D383D00E73357 = {
						CreatedOnToolsVersion = 14.3.1;
					};
				};
			};
			buildConfigurationList = 8CF314D32F7D383D00E73357 /* Build configuration list for PBXProject "Shoping" */;
			compatibilityVersion = "Xcode 14.0";
			developmentRegion = en;
			hasScannedForEncodings = 0;
			knownRegions = (
				en,
				Base,
			);
			mainGroup = 8CF314CF2F7D383D00E73357;
			productRefGroup = 8CF314D92F7D383D00E73357 /* Products */;
			projectDirPath = "";
			projectRoot = "";
			targets = (
				8CF314D72F7D383D00E73357 /* Shoping */,
			);
		};
/* End PBXProject section */

/* Begin PBXResourcesBuildPhase section */
		8CF314D62F7D383D00E73357 /* Resources */ = {
			isa = PBXResourcesBuildPhase;
			buildActionMask = 2147483647;
			files = (
				8CF314E02F7D383F00E73357 /* Assets.xcassets in Resources */,
			);
			runOnlyForDeploymentPostprocessing = 0;
		};
/* End PBXResourcesBuildPhase section */

/* Begin PBXSourcesBuildPhase section */
		8CF314D42F7D383D00E73357 /* Sources */ = {
			isa = PBXSourcesBuildPhase;
			buildActionMask = 2147483647;
			files = (
				8CF314FB2F7D38AC00E73357 /* ShopingApp.swift in Sources */,
				8CF314F82F7D388A00E73357 /* AgregarArticulos.swift in Sources */,
				8CF314F62F7D388A00E73357 /* ContentView.swift in Sources */,
				8CF314F92F7D388A00E73357 /* Compras+CoreDataClass.swift in Sources */,
				8CF314F52F7D388A00E73357 /* Compras+CoreDataProperties.swift in Sources */,
				8CF315002F7D392300E73357 /* Shoping.xcdatamodeld in Sources */,
				8CF314F42F7D388A00E73357 /* Persistence.swift in Sources */,
			);
			runOnlyForDeploymentPostprocessing = 0;
		};
/* End PBXSourcesBuildPhase section */

/* Begin XCBuildConfiguration section */
		8CF314E92F7D383F00E73357 /* Debug */ = {
			isa = XCBuildConfiguration;
			buildSettings = {
				ALWAYS_SEARCH_USER_PATHS = NO;
				CLANG_ANALYZER_NONNULL = YES;
				CLANG_ANALYZER_NUMBER_OBJECT_CONVERSION = YES_AGGRESSIVE;
				CLANG_CXX_LANGUAGE_STANDARD = "gnu++20";
				CLANG_ENABLE_MODULES = YES;
				CLANG_ENABLE_OBJC_ARC = YES;
				CLANG_ENABLE_OBJC_WEAK = YES;
				CLANG_WARN_BLOCK_CAPTURE_AUTORELEASING = YES;
				CLANG_WARN_BOOL_CONVERSION = YES;
				CLANG_WARN_COMMA = YES;
				CLANG_WARN_CONSTANT_CONVERSION = YES;
				CLANG_WARN_DEPRECATED_OBJC_IMPLEMENTATIONS = YES;
				CLANG_WARN_DIRECT_OBJC_ISA_USAGE = YES_ERROR;
				CLANG_WARN_DOCUMENTATION_COMMENTS = YES;
				CLANG_WARN_EMPTY_BODY = YES;
				CLANG_WARN_ENUM_CONVERSION = YES;
				CLANG_WARN_INFINITE_RECURSION = YES;
				CLANG_WARN_INT_CONVERSION = YES;
				CLANG_WARN_NON_LITERAL_NULL_CONVERSION = YES;
				CLANG_WARN_OBJC_IMPLICIT_RETAIN_SELF = YES;
				CLANG_WARN_OBJC_LITERAL_CONVERSION = YES;
				CLANG_WARN_OBJC_ROOT_CLASS = YES_ERROR;
				CLANG_WARN_QUOTED_INCLUDE_IN_FRAMEWORK_HEADER = YES;
				CLANG_WARN_RANGE_LOOP_ANALYSIS = YES;
				CLANG_WARN_STRICT_PROTOTYPES = YES;
				CLANG_WARN_SUSPICIOUS_MOVE = YES;
				CLANG_WARN_UNGUARDED_AVAILABILITY = YES_AGGRESSIVE;
				CLANG_WARN_UNREACHABLE_CODE = YES;
				CLANG_WARN__DUPLICATE_METHOD_MATCH = YES;
				COPY_PHASE_STRIP = NO;
				DEBUG_INFORMATION_FORMAT = dwarf;
				ENABLE_STRICT_OBJC_MSGSEND = YES;
				ENABLE_TESTABILITY = YES;
				GCC_C_LANGUAGE_STANDARD = gnu11;
				GCC_DYNAMIC_NO_PIC = NO;
				GCC_NO_COMMON_BLOCKS = YES;
				GCC_OPTIMIZATION_LEVEL = 0;
				GCC_PREPROCESSOR_DEFINITIONS = (
					"DEBUG=1",
					"$(inherited)",
				);
				GCC_WARN_64_TO_32_BIT_CONVERSION = YES;
				GCC_WARN_ABOUT_RETURN_TYPE = YES_ERROR;
				GCC_WARN_UNDECLARED_SELECTOR = YES;
				GCC_WARN_UNINITIALIZED_AUTOS = YES_AGGRESSIVE;
				GCC_WARN_UNUSED_FUNCTION = YES;
				GCC_WARN_UNUSED_VARIABLE = YES;
				IPHONEOS_DEPLOYMENT_TARGET = 16.4;
				MTL_ENABLE_DEBUG_INFO = INCLUDE_SOURCE;
				MTL_FAST_MATH = YES;
				ONLY_ACTIVE_ARCH = YES;
				SDKROOT = iphoneos;
				SWIFT_ACTIVE_COMPILATION_CONDITIONS = DEBUG;
				SWIFT_OPTIMIZATION_LEVEL = "-Onone";
			};
			name = Debug;
		};
		8CF314EA2F7D383F00E73357 /* Release */ = {
			isa = XCBuildConfiguration;
			buildSettings = {
				ALWAYS_SEARCH_USER_PATHS = NO;
				CLANG_ANALYZER_NONNULL = YES;
				CLANG_ANALYZER_NUMBER_OBJECT_CONVERSION = YES_AGGRESSIVE;
				CLANG_CXX_LANGUAGE_STANDARD = "gnu++20";
				CLANG_ENABLE_MODULES = YES;
				CLANG_ENABLE_OBJC_ARC = YES;
				CLANG_ENABLE_OBJC_WEAK = YES;
				CLANG_WARN_BLOCK_CAPTURE_AUTORELEASING = YES;
				CLANG_WARN_BOOL_CONVERSION = YES;
				CLANG_WARN_COMMA = YES;
				CLANG_WARN_CONSTANT_CONVERSION = YES;
				CLANG_WARN_DEPRECATED_OBJC_IMPLEMENTATIONS = YES;
				CLANG_WARN_DIRECT_OBJC_ISA_USAGE = YES_ERROR;
				CLANG_WARN_DOCUMENTATION_COMMENTS = YES;
				CLANG_WARN_EMPTY_BODY = YES;
				CLANG_WARN_ENUM_CONVERSION = YES;
				CLANG_WARN_INFINITE_RECURSION = YES;
				CLANG_WARN_INT_CONVERSION = YES;
				CLANG_WARN_NON_LITERAL_NULL_CONVERSION = YES;
				CLANG_WARN_OBJC_IMPLICIT_RETAIN_SELF = YES;
				CLANG_WARN_OBJC_LITERAL_CONVERSION = YES;
				CLANG_WARN_OBJC_ROOT_CLASS = YES_ERROR;
				CLANG_WARN_QUOTED_INCLUDE_IN_FRAMEWORK_HEADER = YES;
				CLANG_WARN_RANGE_LOOP_ANALYSIS = YES;
				CLANG_WARN_STRICT_PROTOTYPES = YES;
				CLANG_WARN_SUSPICIOUS_MOVE = YES;
				CLANG_WARN_UNGUARDED_AVAILABILITY = YES_AGGRESSIVE;
				CLANG_WARN_UNREACHABLE_CODE = YES;
				CLANG_WARN__DUPLICATE_METHOD_MATCH = YES;
				COPY_PHASE_STRIP = NO;
				DEBUG_INFORMATION_FORMAT = "dwarf-with-dsym";
				ENABLE_NS_ASSERTIONS = NO;
				ENABLE_STRICT_OBJC_MSGSEND = YES;
				GCC_C_LANGUAGE_STANDARD = gnu11;
				GCC_NO_COMMON_BLOCKS = YES;
				GCC_WARN_64_TO_32_BIT_CONVERSION = YES;
				GCC_WARN_ABOUT_RETURN_TYPE = YES_ERROR;
				GCC_WARN_UNDECLARED_SELECTOR = YES;
				GCC_WARN_UNINITIALIZED_AUTOS = YES_AGGRESSIVE;
				GCC_WARN_UNUSED_FUNCTION = YES;
				GCC_WARN_UNUSED_VARIABLE = YES;
				IPHONEOS_DEPLOYMENT_TARGET = 16.4;
				MTL_ENABLE_DEBUG_INFO = NO;
				MTL_FAST_MATH = YES;
				SDKROOT = iphoneos;
				SWIFT_COMPILATION_MODE = wholemodule;
				SWIFT_OPTIMIZATION_LEVEL = "-O";
				VALIDATE_PRODUCT = YES;
			};
			name = Release;
		};
		8CF314EC2F7D383F00E73357 /* Debug */ = {
			isa = XCBuildConfiguration;
			buildSettings = {
				ASSETCATALOG_COMPILER_APPICON_NAME = AppIcon;
				ASSETCATALOG_COMPILER_GLOBAL_ACCENT_COLOR_NAME = AccentColor;
				CODE_SIGN_STYLE = Automatic;
				CURRENT_PROJECT_VERSION = 1;
				DEVELOPMENT_ASSET_PATHS = "\"Shoping/Preview Content\"";
				DEVELOPMENT_TEAM = T7RASQ6V2X;
				ENABLE_PREVIEWS = YES;
				GENERATE_INFOPLIST_FILE = YES;
				INFOPLIST_KEY_UIApplicationSceneManifest_Generation = YES;
				INFOPLIST_KEY_UIApplicationSupportsIndirectInputEvents = YES;
				INFOPLIST_KEY_UILaunchScreen_Generation = YES;
				INFOPLIST_KEY_UISupportedInterfaceOrientations_iPad = "UIInterfaceOrientationPortrait UIInterfaceOrientationPortraitUpsideDown UIInterfaceOrientationLandscapeLeft UIInterfaceOrientationLandscapeRight";
				INFOPLIST_KEY_UISupportedInterfaceOrientations_iPhone = "UIInterfaceOrientationPortrait UIInterfaceOrientationLandscapeLeft UIInterfaceOrientationLandscapeRight";
				LD_RUNPATH_SEARCH_PATHS = (
					"$(inherited)",
					"@executable_path/Frameworks",
				);
				MARKETING_VERSION = 1.0;
				PRODUCT_BUNDLE_IDENTIFIER = codigomu.com.Shoping;
				PRODUCT_NAME = "$(TARGET_NAME)";
				SWIFT_EMIT_LOC_STRINGS = YES;
				SWIFT_VERSION = 5.0;
				TARGETED_DEVICE_FAMILY = "1,2";
			};
			name = Debug;
		};
		8CF314ED2F7D383F00E73357 /* Release */ = {
			isa = XCBuildConfiguration;
			buildSettings = {
				ASSETCATALOG_COMPILER_APPICON_NAME = AppIcon;
				ASSETCATALOG_COMPILER_GLOBAL_ACCENT_COLOR_NAME = AccentColor;
				CODE_SIGN_STYLE = Automatic;
				CURRENT_PROJECT_VERSION = 1;
				DEVELOPMENT_ASSET_PATHS = "\"Shoping/Preview Content\"";
				DEVELOPMENT_TEAM = T7RASQ6V2X;
				ENABLE_PREVIEWS = YES;
				GENERATE_INFOPLIST_FILE = YES;
				INFOPLIST_KEY_UIApplicationSceneManifest_Generation = YES;
				INFOPLIST_KEY_UIApplicationSupportsIndirectInputEvents = YES;
				INFOPLIST_KEY_UILaunchScreen_Generation = YES;
				INFOPLIST_KEY_UISupportedInterfaceOrientations_iPad = "UIInterfaceOrientationPortrait UIInterfaceOrientationPortraitUpsideDown UIInterfaceOrientationLandscapeLeft UIInterfaceOrientationLandscapeRight";
				INFOPLIST_KEY_UISupportedInterfaceOrientations_iPhone = "UIInterfaceOrientationPortrait UIInterfaceOrientationLandscapeLeft UIInterfaceOrientationLandscapeRight";
				LD_RUNPATH_SEARCH_PATHS = (
					"$(inherited)",
					"@executable_path/Frameworks",
				);
				MARKETING_VERSION = 1.0;
				PRODUCT_BUNDLE_IDENTIFIER = codigomu.com.Shoping;
				PRODUCT_NAME = "$(TARGET_NAME)";
				SWIFT_EMIT_LOC_STRINGS = YES;
				SWIFT_VERSION = 5.0;
				TARGETED_DEVICE_FAMILY = "1,2";
			};
			name = Release;
		};
/* End XCBuildConfiguration section */

/* Begin XCConfigurationList section */
		8CF314D32F7D383D00E73357 /* Build configuration list for PBXProject "Shoping" */ = {
			isa = XCConfigurationList;
			buildConfigurations = (
				8CF314E92F7D383F00E73357 /* Debug */,
				8CF314EA2F7D383F00E73357 /* Release */,
			);
			defaultConfigurationIsVisible = 0;
			defaultConfigurationName = Release;
		};
		8CF314EB2F7D383F00E73357 /* Build configuration list for PBXNativeTarget "Shoping" */ = {
			isa = XCConfigurationList;
			buildConfigurations = (
				8CF314EC2F7D383F00E73357 /* Debug */,
				8CF314ED2F7D383F00E73357 /* Release */,
			);
			defaultConfigurationIsVisible = 0;
			defaultConfigurationName = Release;
		};
/* End XCConfigurationList section */

/* Begin XCVersionGroup section */
		8CF314FE2F7D392300E73357 /* Shoping.xcdatamodeld */ = {
			isa = XCVersionGroup;
			children = (
				8CF314FF2F7D392300E73357 /* Shoping.xcdatamodel */,
			);
			currentVersion = 8CF314FF2F7D392300E73357 /* Shoping.xcdatamodel */;
			name = Shoping.xcdatamodeld;
			path = ../../../Shoping22/Shoping.xcdatamodeld;
			sourceTree = "<group>";
			versionGroupType = wrapper.xcdatamodel;
		};
/* End XCVersionGroup section */
	};
	rootObject = 8CF314D02F7D383D00E73357 /* Project object */;
}
