// !$*UTF8*$!
{
	archiveVersion = 1;
	classes = {
	};
	objectVersion = 56;
	objects = {

/* Begin PBXBuildFile section */
		8C30C8422F6F6FB1009C5637 /* claseswiftuiApp.swift in Sources */ = {isa = PBXBuildFile; fileRef = 8C30C8412F6F6FB1009C5637 /* claseswiftuiApp.swift */; };
		8C30C8442F6F6FB1009C5637 /* ContentView.swift in Sources */ = {isa = PBXBuildFile; fileRef = 8C30C8432F6F6FB1009C5637 /* ContentView.swift */; };
		8C30C8462F6F6FB3009C5637 /* Assets.xcassets in Resources */ = {isa = PBXBuildFile; fileRef = 8C30C8452F6F6FB3009C5637 /* Assets.xcassets */; };
		8C30C8492F6F6FB3009C5637 /* Preview Assets.xcassets in Resources */ = {isa = PBXBuildFile; fileRef = 8C30C8482F6F6FB3009C5637 /* Preview Assets.xcassets */; };
		8C30C8532F6F6FB3009C5637 /* claseswiftuiTests.swift in Sources */ = {isa = PBXBuildFile; fileRef = 8C30C8522F6F6FB3009C5637 /* claseswiftuiTests.swift */; };
		8C30C85D2F6F6FB3009C5637 /* claseswiftuiUITests.swift in Sources */ = {isa = PBXBuildFile; fileRef = 8C30C85C2F6F6FB3009C5637 /* claseswiftuiUITests.swift */; };
		8C30C85F2F6F6FB3009C5637 /* claseswiftuiUITestsLaunchTests.swift in Sources */ = {isa = PBXBuildFile; fileRef = 8C30C85E2F6F6FB3009C5637 /* claseswiftuiUITestsLaunchTests.swift */; };
		8C30C86C2F6F7B3E009C5637 /* ImageView.swift in Sources */ = {isa = PBXBuildFile; fileRef = 8C30C86B2F6F7B3E009C5637 /* ImageView.swift */; };
		8C854D442F754E1C00D51CD7 /* lisprogrammer.swift in Sources */ = {isa = PBXBuildFile; fileRef = 8C854D432F754E1C00D51CD7 /* lisprogrammer.swift */; };
		8CC59FC72F6F887500989E24 /* MainView.swift in Sources */ = {isa = PBXBuildFile; fileRef = 8CC59FC62F6F887500989E24 /* MainView.swift */; };
/* End PBXBuildFile section */

/* Begin PBXContainerItemProxy section */
		8C30C84F2F6F6FB3009C5637 /* PBXContainerItemProxy */ = {
			isa = PBXContainerItemProxy;
			containerPortal = 8C30C8362F6F6FB1009C5637 /* Project object */;
			proxyType = 1;
			remoteGlobalIDString = 8C30C83D2F6F6FB1009C5637;
			remoteInfo = claseswiftui;
		};
		8C30C8592F6F6FB3009C5637 /* PBXContainerItemProxy */ = {
			isa = PBXContainerItemProxy;
			containerPortal = 8C30C8362F6F6FB1009C5637 /* Project object */;
			proxyType = 1;
			remoteGlobalIDString = 8C30C83D2F6F6FB1009C5637;
			remoteInfo = claseswiftui;
		};
/* End PBXContainerItemProxy section */

/* Begin PBXFileReference section */
		8C30C83E2F6F6FB1009C5637 /* claseswiftui.app */ = {isa = PBXFileReference; explicitFileType = wrapper.application; includeInIndex = 0; path = claseswiftui.app; sourceTree = BUILT_PRODUCTS_DIR; };
		8C30C8412F6F6FB1009C5637 /* claseswiftuiApp.swift */ = {isa = PBXFileReference; lastKnownFileType = sourcecode.swift; path = claseswiftuiApp.swift; sourceTree = "<group>"; };
		8C30C8432F6F6FB1009C5637 /* ContentView.swift */ = {isa = PBXFileReference; lastKnownFileType = sourcecode.swift; path = ContentView.swift; sourceTree = "<group>"; };
		8C30C8452F6F6FB3009C5637 /* Assets.xcassets */ = {isa = PBXFileReference; lastKnownFileType = folder.assetcatalog; path = Assets.xcassets; sourceTree = "<group>"; };
		8C30C8482F6F6FB3009C5637 /* Preview Assets.xcassets */ = {isa = PBXFileReference; lastKnownFileType = folder.assetcatalog; path = "Preview Assets.xcassets"; sourceTree = "<group>"; };
		8C30C84E2F6F6FB3009C5637 /* claseswiftuiTests.xctest */ = {isa = PBXFileReference; explicitFileType = wrapper.cfbundle; includeInIndex = 0; path = claseswiftuiTests.xctest; sourceTree = BUILT_PRODUCTS_DIR; };
		8C30C8522F6F6FB3009C5637 /* claseswiftuiTests.swift */ = {isa = PBXFileReference; lastKnownFileType = sourcecode.swift; path = claseswiftuiTests.swift; sourceTree = "<group>"; };
		8C30C8582F6F6FB3009C5637 /* claseswiftuiUITests.xctest */ = {isa = PBXFileReference; explicitFileType = wrapper.cfbundle; includeInIndex = 0; path = claseswiftuiUITests.xctest; sourceTree = BUILT_PRODUCTS_DIR; };
		8C30C85C2F6F6FB3009C5637 /* claseswiftuiUITests.swift */ = {isa = PBXFileReference; lastKnownFileType = sourcecode.swift; path = claseswiftuiUITests.swift; sourceTree = "<group>"; };
		8C30C85E2F6F6FB3009C5637 /* claseswiftuiUITestsLaunchTests.swift */ = {isa = PBXFileReference; lastKnownFileType = sourcecode.swift; path = claseswiftuiUITestsLaunchTests.swift; sourceTree = "<group>"; };
		8C30C86B2F6F7B3E009C5637 /* ImageView.swift */ = {isa = PBXFileReference; lastKnownFileType = sourcecode.swift; path = ImageView.swift; sourceTree = "<group>"; };
		8C854D432F754E1C00D51CD7 /* lisprogrammer.swift */ = {isa = PBXFileReference; lastKnownFileType = sourcecode.swift; path = lisprogrammer.swift; sourceTree = "<group>"; };
		8CC59FC62F6F887500989E24 /* MainView.swift */ = {isa = PBXFileReference; lastKnownFileType = sourcecode.swift; path = MainView.swift; sourceTree = "<group>"; };
/* End PBXFileReference section */

/* Begin PBXFrameworksBuildPhase section */
		8C30C83B2F6F6FB1009C5637 /* Frameworks */ = {
			isa = PBXFrameworksBuildPhase;
			buildActionMask = 2147483647;
			files = (
			);
			runOnlyForDeploymentPostprocessing = 0;
		};
		8C30C84B2F6F6FB3009C5637 /* Frameworks */ = {
			isa = PBXFrameworksBuildPhase;
			buildActionMask = 2147483647;
			files = (
			);
			runOnlyForDeploymentPostprocessing = 0;
		};
		8C30C8552F6F6FB3009C5637 /* Frameworks */ = {
			isa = PBXFrameworksBuildPhase;
			buildActionMask = 2147483647;
			files = (
			);
			runOnlyForDeploymentPostprocessing = 0;
		};
/* End PBXFrameworksBuildPhase section */

/* Begin PBXGroup section */
		8C30C8352F6F6FB1009C5637 = {
			isa = PBXGroup;
			children = (
				8C30C8402F6F6FB1009C5637 /* claseswiftui */,
				8C30C8512F6F6FB3009C5637 /* claseswiftuiTests */,
				8C30C85B2F6F6FB3009C5637 /* claseswiftuiUITests */,
				8C30C83F2F6F6FB1009C5637 /* Products */,
			);
			sourceTree = "<group>";
		};
		8C30C83F2F6F6FB1009C5637 /* Products */ = {
			isa = PBXGroup;
			children = (
				8C30C83E2F6F6FB1009C5637 /* claseswiftui.app */,
				8C30C84E2F6F6FB3009C5637 /* claseswiftuiTests.xctest */,
				8C30C8582F6F6FB3009C5637 /* claseswiftuiUITests.xctest */,
			);
			name = Products;
			sourceTree = "<group>";
		};
		8C30C8402F6F6FB1009C5637 /* claseswiftui */ = {
			isa = PBXGroup;
			children = (
				8C30C8412F6F6FB1009C5637 /* claseswiftuiApp.swift */,
				8C854D422F754D0500D51CD7 /* Data */,
				8C30C8432F6F6FB1009C5637 /* ContentView.swift */,
				8C30C86B2F6F7B3E009C5637 /* ImageView.swift */,
				8CC59FC62F6F887500989E24 /* MainView.swift */,
				8C30C8452F6F6FB3009C5637 /* Assets.xcassets */,
				8C30C8472F6F6FB3009C5637 /* Preview Content */,
			);
			path = claseswiftui;
			sourceTree = "<group>";
		};
		8C30C8472F6F6FB3009C5637 /* Preview Content */ = {
			isa = PBXGroup;
			children = (
				8C30C8482F6F6FB3009C5637 /* Preview Assets.xcassets */,
			);
			path = "Preview Content";
			sourceTree = "<group>";
		};
		8C30C8512F6F6FB3009C5637 /* claseswiftuiTests */ = {
			isa = PBXGroup;
			children = (
				8C30C8522F6F6FB3009C5637 /* claseswiftuiTests.swift */,
			);
			path = claseswiftuiTests;
			sourceTree = "<group>";
		};
		8C30C85B2F6F6FB3009C5637 /* claseswiftuiUITests */ = {
			isa = PBXGroup;
			children = (
				8C30C85C2F6F6FB3009C5637 /* claseswiftuiUITests.swift */,
				8C30C85E2F6F6FB3009C5637 /* claseswiftuiUITestsLaunchTests.swift */,
			);
			path = claseswiftuiUITests;
			sourceTree = "<group>";
		};
		8C854D422F754D0500D51CD7 /* Data */ = {
			isa = PBXGroup;
			children = (
				8C854D432F754E1C00D51CD7 /* lisprogrammer.swift */,
			);
			path = Data;
			sourceTree = "<group>";
		};
/* End PBXGroup section */

/* Begin PBXNativeTarget section */
		8C30C83D2F6F6FB1009C5637 /* claseswiftui */ = {
			isa = PBXNativeTarget;
			buildConfigurationList = 8C30C8622F6F6FB3009C5637 /* Build configuration list for PBXNativeTarget "claseswiftui" */;
			buildPhases = (
				8C30C83A2F6F6FB1009C5637 /* Sources */,
				8C30C83B2F6F6FB1009C5637 /* Frameworks */,
				8C30C83C2F6F6FB1009C5637 /* Resources */,
			);
			buildRules = (
			);
			dependencies = (
			);
			name = claseswiftui;
			productName = claseswiftui;
			productReference = 8C30C83E2F6F6FB1009C5637 /* claseswiftui.app */;
			productType = "com.apple.product-type.application";
		};
		8C30C84D2F6F6FB3009C5637 /* claseswiftuiTests */ = {
			isa = PBXNativeTarget;
			buildConfigurationList = 8C30C8652F6F6FB3009C5637 /* Build configuration list for PBXNativeTarget "claseswiftuiTests" */;
			buildPhases = (
				8C30C84A2F6F6FB3009C5637 /* Sources */,
				8C30C84B2F6F6FB3009C5637 /* Frameworks */,
				8C30C84C2F6F6FB3009C5637 /* Resources */,
			);
			buildRules = (
			);
			dependencies = (
				8C30C8502F6F6FB3009C5637 /* PBXTargetDependency */,
			);
			name = claseswiftuiTests;
			productName = claseswiftuiTests;
			productReference = 8C30C84E2F6F6FB3009C5637 /* claseswiftuiTests.xctest */;
			productType = "com.apple.product-type.bundle.unit-test";
		};
		8C30C8572F6F6FB3009C5637 /* claseswiftuiUITests */ = {
			isa = PBXNativeTarget;
			buildConfigurationList = 8C30C8682F6F6FB3009C5637 /* Build configuration list for PBXNativeTarget "claseswiftuiUITests" */;
			buildPhases = (
				8C30C8542F6F6FB3009C5637 /* Sources */,
				8C30C8552F6F6FB3009C5637 /* Frameworks */,
				8C30C8562F6F6FB3009C5637 /* Resources */,
			);
			buildRules = (
			);
			dependencies = (
				8C30C85A2F6F6FB3009C5637 /* PBXTargetDependency */,
			);
			name = claseswiftuiUITests;
			productName = claseswiftuiUITests;
			productReference = 8C30C8582F6F6FB3009C5637 /* claseswiftuiUITests.xctest */;
			productType = "com.apple.product-type.bundle.ui-testing";
		};
/* End PBXNativeTarget section */

/* Begin PBXProject section */
		8C30C8362F6F6FB1009C5637 /* Project object */ = {
			isa = PBXProject;
			attributes = {
				BuildIndependentTargetsInParallel = 1;
				LastSwiftUpdateCheck = 1430;
				LastUpgradeCheck = 1430;
				TargetAttributes = {
					8C30C83D2F6F6FB1009C5637 = {
						CreatedOnToolsVersion = 14.3.1;
					};
					8C30C84D2F6F6FB3009C5637 = {
						CreatedOnToolsVersion = 14.3.1;
						TestTargetID = 8C30C83D2F6F6FB1009C5637;
					};
					8C30C8572F6F6FB3009C5637 = {
						CreatedOnToolsVersion = 14.3.1;
						TestTargetID = 8C30C83D2F6F6FB1009C5637;
					};
				};
			};
			buildConfigurationList = 8C30C8392F6F6FB1009C5637 /* Build configuration list for PBXProject "claseswiftui" */;
			compatibilityVersion = "Xcode 14.0";
			developmentRegion = en;
			hasScannedForEncodings = 0;
			knownRegions = (
				en,
				Base,
			);
			mainGroup = 8C30C8352F6F6FB1009C5637;
			productRefGroup = 8C30C83F2F6F6FB1009C5637 /* Products */;
			projectDirPath = "";
			projectRoot = "";
			targets = (
				8C30C83D2F6F6FB1009C5637 /* claseswiftui */,
				8C30C84D2F6F6FB3009C5637 /* claseswiftuiTests */,
				8C30C8572F6F6FB3009C5637 /* claseswiftuiUITests */,
			);
		};
/* End PBXProject section */

/* Begin PBXResourcesBuildPhase section */
		8C30C83C2F6F6FB1009C5637 /* Resources */ = {
			isa = PBXResourcesBuildPhase;
			buildActionMask = 2147483647;
			files = (
				8C30C8492F6F6FB3009C5637 /* Preview Assets.xcassets in Resources */,
				8C30C8462F6F6FB3009C5637 /* Assets.xcassets in Resources */,
			);
			runOnlyForDeploymentPostprocessing = 0;
		};
		8C30C84C2F6F6FB3009C5637 /* Resources */ = {
			isa = PBXResourcesBuildPhase;
			buildActionMask = 2147483647;
			files = (
			);
			runOnlyForDeploymentPostprocessing = 0;
		};
		8C30C8562F6F6FB3009C5637 /* Resources */ = {
			isa = PBXResourcesBuildPhase;
			buildActionMask = 2147483647;
			files = (
			);
			runOnlyForDeploymentPostprocessing = 0;
		};
/* End PBXResourcesBuildPhase section */

/* Begin PBXSourcesBuildPhase section */
		8C30C83A2F6F6FB1009C5637 /* Sources */ = {
			isa = PBXSourcesBuildPhase;
			buildActionMask = 2147483647;
			files = (
				8C30C86C2F6F7B3E009C5637 /* ImageView.swift in Sources */,
				8C30C8442F6F6FB1009C5637 /* ContentView.swift in Sources */,
				8C30C8422F6F6FB1009C5637 /* claseswiftuiApp.swift in Sources */,
				8C854D442F754E1C00D51CD7 /* lisprogrammer.swift in Sources */,
				8CC59FC72F6F887500989E24 /* MainView.swift in Sources */,
			);
			runOnlyForDeploymentPostprocessing = 0;
		};
		8C30C84A2F6F6FB3009C5637 /* Sources */ = {
			isa = PBXSourcesBuildPhase;
			buildActionMask = 2147483647;
			files = (
				8C30C8532F6F6FB3009C5637 /* claseswiftuiTests.swift in Sources */,
			);
			runOnlyForDeploymentPostprocessing = 0;
		};
		8C30C8542F6F6FB3009C5637 /* Sources */ = {
			isa = PBXSourcesBuildPhase;
			buildActionMask = 2147483647;
			files = (
				8C30C85D2F6F6FB3009C5637 /* claseswiftuiUITests.swift in Sources */,
				8C30C85F2F6F6FB3009C5637 /* claseswiftuiUITestsLaunchTests.swift in Sources */,
			);
			runOnlyForDeploymentPostprocessing = 0;
		};
/* End PBXSourcesBuildPhase section */

/* Begin PBXTargetDependency section */
		8C30C8502F6F6FB3009C5637 /* PBXTargetDependency */ = {
			isa = PBXTargetDependency;
			target = 8C30C83D2F6F6FB1009C5637 /* claseswiftui */;
			targetProxy = 8C30C84F2F6F6FB3009C5637 /* PBXContainerItemProxy */;
		};
		8C30C85A2F6F6FB3009C5637 /* PBXTargetDependency */ = {
			isa = PBXTargetDependency;
			target = 8C30C83D2F6F6FB1009C5637 /* claseswiftui */;
			targetProxy = 8C30C8592F6F6FB3009C5637 /* PBXContainerItemProxy */;
		};
/* End PBXTargetDependency section */

/* Begin XCBuildConfiguration section */
		8C30C8602F6F6FB3009C5637 /* Debug */ = {
			isa = XCBuildConfiguration;
			buildSettings = {
				ALWAYS_SEARCH_USER_PATHS = NO;
				CLANG_ANALYZER_NONNULL = YES;
				CLANG_ANALYZER_NUMBER_OBJECT_CONVERSION = YES_AGGRESSIVE;
				CLANG_CXX_LANGUAGE_STANDARD = "gnu++20";
				CLANG_ENABLE_MODULES = YES;
				CLANG_ENABLE_OBJC_ARC = YES;
				CLANG_ENABLE_OBJC_WEAK = YES;
				CLANG_WARN_BLOCK_CAPTURE_AUTORELEASING = YES;
				CLANG_WARN_BOOL_CONVERSION = YES;
				CLANG_WARN_COMMA = YES;
				CLANG_WARN_CONSTANT_CONVERSION = YES;
				CLANG_WARN_DEPRECATED_OBJC_IMPLEMENTATIONS = YES;
				CLANG_WARN_DIRECT_OBJC_ISA_USAGE = YES_ERROR;
				CLANG_WARN_DOCUMENTATION_COMMENTS = YES;
				CLANG_WARN_EMPTY_BODY = YES;
				CLANG_WARN_ENUM_CONVERSION = YES;
				CLANG_WARN_INFINITE_RECURSION = YES;
				CLANG_WARN_INT_CONVERSION = YES;
				CLANG_WARN_NON_LITERAL_NULL_CONVERSION = YES;
				CLANG_WARN_OBJC_IMPLICIT_RETAIN_SELF = YES;
				CLANG_WARN_OBJC_LITERAL_CONVERSION = YES;
				CLANG_WARN_OBJC_ROOT_CLASS = YES_ERROR;
				CLANG_WARN_QUOTED_INCLUDE_IN_FRAMEWORK_HEADER = YES;
				CLANG_WARN_RANGE_LOOP_ANALYSIS = YES;
				CLANG_WARN_STRICT_PROTOTYPES = YES;
				CLANG_WARN_SUSPICIOUS_MOVE = YES;
				CLANG_WARN_UNGUARDED_AVAILABILITY = YES_AGGRESSIVE;
				CLANG_WARN_UNREACHABLE_CODE = YES;
				CLANG_WARN__DUPLICATE_METHOD_MATCH = YES;
				COPY_PHASE_STRIP = NO;
				DEBUG_INFORMATION_FORMAT = dwarf;
				ENABLE_STRICT_OBJC_MSGSEND = YES;
				ENABLE_TESTABILITY = YES;
				GCC_C_LANGUAGE_STANDARD = gnu11;
				GCC_DYNAMIC_NO_PIC = NO;
				GCC_NO_COMMON_BLOCKS = YES;
				GCC_OPTIMIZATION_LEVEL = 0;
				GCC_PREPROCESSOR_DEFINITIONS = (
					"DEBUG=1",
					"$(inherited)",
				);
				GCC_WARN_64_TO_32_BIT_CONVERSION = YES;
				GCC_WARN_ABOUT_RETURN_TYPE = YES_ERROR;
				GCC_WARN_UNDECLARED_SELECTOR = YES;
				GCC_WARN_UNINITIALIZED_AUTOS = YES_AGGRESSIVE;
				GCC_WARN_UNUSED_FUNCTION = YES;
				GCC_WARN_UNUSED_VARIABLE = YES;
				IPHONEOS_DEPLOYMENT_TARGET = 16.4;
				MTL_ENABLE_DEBUG_INFO = INCLUDE_SOURCE;
				MTL_FAST_MATH = YES;
				ONLY_ACTIVE_ARCH = YES;
				SDKROOT = iphoneos;
				SWIFT_ACTIVE_COMPILATION_CONDITIONS = DEBUG;
				SWIFT_OPTIMIZATION_LEVEL = "-Onone";
			};
			name = Debug;
		};
		8C30C8612F6F6FB3009C5637 /* Release */ = {
			isa = XCBuildConfiguration;
			buildSettings = {
				ALWAYS_SEARCH_USER_PATHS = NO;
				CLANG_ANALYZER_NONNULL = YES;
				CLANG_ANALYZER_NUMBER_OBJECT_CONVERSION = YES_AGGRESSIVE;
				CLANG_CXX_LANGUAGE_STANDARD = "gnu++20";
				CLANG_ENABLE_MODULES = YES;
				CLANG_ENABLE_OBJC_ARC = YES;
				CLANG_ENABLE_OBJC_WEAK = YES;
				CLANG_WARN_BLOCK_CAPTURE_AUTORELEASING = YES;
				CLANG_WARN_BOOL_CONVERSION = YES;
				CLANG_WARN_COMMA = YES;
				CLANG_WARN_CONSTANT_CONVERSION = YES;
				CLANG_WARN_DEPRECATED_OBJC_IMPLEMENTATIONS = YES;
				CLANG_WARN_DIRECT_OBJC_ISA_USAGE = YES_ERROR;
				CLANG_WARN_DOCUMENTATION_COMMENTS = YES;
				CLANG_WARN_EMPTY_BODY = YES;
				CLANG_WARN_ENUM_CONVERSION = YES;
				CLANG_WARN_INFINITE_RECURSION = YES;
				CLANG_WARN_INT_CONVERSION = YES;
				CLANG_WARN_NON_LITERAL_NULL_CONVERSION = YES;
				CLANG_WARN_OBJC_IMPLICIT_RETAIN_SELF = YES;
				CLANG_WARN_OBJC_LITERAL_CONVERSION = YES;
				CLANG_WARN_OBJC_ROOT_CLASS = YES_ERROR;
				CLANG_WARN_QUOTED_INCLUDE_IN_FRAMEWORK_HEADER = YES;
				CLANG_WARN_RANGE_LOOP_ANALYSIS = YES;
				CLANG_WARN_STRICT_PROTOTYPES = YES;
				CLANG_WARN_SUSPICIOUS_MOVE = YES;
				CLANG_WARN_UNGUARDED_AVAILABILITY = YES_AGGRESSIVE;
				CLANG_WARN_UNREACHABLE_CODE = YES;
				CLANG_WARN__DUPLICATE_METHOD_MATCH = YES;
				COPY_PHASE_STRIP = NO;
				DEBUG_INFORMATION_FORMAT = "dwarf-with-dsym";
				ENABLE_NS_ASSERTIONS = NO;
				ENABLE_STRICT_OBJC_MSGSEND = YES;
				GCC_C_LANGUAGE_STANDARD = gnu11;
				GCC_NO_COMMON_BLOCKS = YES;
				GCC_WARN_64_TO_32_BIT_CONVERSION = YES;
				GCC_WARN_ABOUT_RETURN_TYPE = YES_ERROR;
				GCC_WARN_UNDECLARED_SELECTOR = YES;
				GCC_WARN_UNINITIALIZED_AUTOS = YES_AGGRESSIVE;
				GCC_WARN_UNUSED_FUNCTION = YES;
				GCC_WARN_UNUSED_VARIABLE = YES;
				IPHONEOS_DEPLOYMENT_TARGET = 16.4;
				MTL_ENABLE_DEBUG_INFO = NO;
				MTL_FAST_MATH = YES;
				SDKROOT = iphoneos;
				SWIFT_COMPILATION_MODE = wholemodule;
				SWIFT_OPTIMIZATION_LEVEL = "-O";
				VALIDATE_PRODUCT = YES;
			};
			name = Release;
		};
		8C30C8632F6F6FB3009C5637 /* Debug */ = {
			isa = XCBuildConfiguration;
			buildSettings = {
				ASSETCATALOG_COMPILER_APPICON_NAME = AppIcon;
				ASSETCATALOG_COMPILER_GLOBAL_ACCENT_COLOR_NAME = AccentColor;
				CODE_SIGN_STYLE = Automatic;
				CURRENT_PROJECT_VERSION = 1;
				DEVELOPMENT_ASSET_PATHS = "\"claseswiftui/Preview Content\"";
				DEVELOPMENT_TEAM = T7RASQ6V2X;
				ENABLE_PREVIEWS = YES;
				GENERATE_INFOPLIST_FILE = YES;
				INFOPLIST_KEY_UIApplicationSceneManifest_Generation = YES;
				INFOPLIST_KEY_UIApplicationSupportsIndirectInputEvents = YES;
				INFOPLIST_KEY_UILaunchScreen_Generation = YES;
				INFOPLIST_KEY_UISupportedInterfaceOrientations_iPad = "UIInterfaceOrientationPortrait UIInterfaceOrientationPortraitUpsideDown UIInterfaceOrientationLandscapeLeft UIInterfaceOrientationLandscapeRight";
				INFOPLIST_KEY_UISupportedInterfaceOrientations_iPhone = "UIInterfaceOrientationPortrait UIInterfaceOrientationLandscapeLeft UIInterfaceOrientationLandscapeRight";
				LD_RUNPATH_SEARCH_PATHS = (
					"$(inherited)",
					"@executable_path/Frameworks",
				);
				MARKETING_VERSION = 1.0;
				PRODUCT_BUNDLE_IDENTIFIER = codigomu.com.claseswiftui;
				PRODUCT_NAME = "$(TARGET_NAME)";
				SWIFT_EMIT_LOC_STRINGS = YES;
				SWIFT_VERSION = 5.0;
				TARGETED_DEVICE_FAMILY = "1,2";
			};
			name = Debug;
		};
		8C30C8642F6F6FB3009C5637 /* Release */ = {
			isa = XCBuildConfiguration;
			buildSettings = {
				ASSETCATALOG_COMPILER_APPICON_NAME = AppIcon;
				ASSETCATALOG_COMPILER_GLOBAL_ACCENT_COLOR_NAME = AccentColor;
				CODE_SIGN_STYLE = Automatic;
				CURRENT_PROJECT_VERSION = 1;
				DEVELOPMENT_ASSET_PATHS = "\"claseswiftui/Preview Content\"";
				DEVELOPMENT_TEAM = T7RASQ6V2X;
				ENABLE_PREVIEWS = YES;
				GENERATE_INFOPLIST_FILE = YES;
				INFOPLIST_KEY_UIApplicationSceneManifest_Generation = YES;
				INFOPLIST_KEY_UIApplicationSupportsIndirectInputEvents = YES;
				INFOPLIST_KEY_UILaunchScreen_Generation = YES;
				INFOPLIST_KEY_UISupportedInterfaceOrientations_iPad = "UIInterfaceOrientationPortrait UIInterfaceOrientationPortraitUpsideDown UIInterfaceOrientationLandscapeLeft UIInterfaceOrientationLandscapeRight";
				INFOPLIST_KEY_UISupportedInterfaceOrientations_iPhone = "UIInterfaceOrientationPortrait UIInterfaceOrientationLandscapeLeft UIInterfaceOrientationLandscapeRight";
				LD_RUNPATH_SEARCH_PATHS = (
					"$(inherited)",
					"@executable_path/Frameworks",
				);
				MARKETING_VERSION = 1.0;
				PRODUCT_BUNDLE_IDENTIFIER = codigomu.com.claseswiftui;
				PRODUCT_NAME = "$(TARGET_NAME)";
				SWIFT_EMIT_LOC_STRINGS = YES;
				SWIFT_VERSION = 5.0;
				TARGETED_DEVICE_FAMILY = "1,2";
			};
			name = Release;
		};
		8C30C8662F6F6FB3009C5637 /* Debug */ = {
			isa = XCBuildConfiguration;
			buildSettings = {
				ALWAYS_EMBED_SWIFT_STANDARD_LIBRARIES = YES;
				BUNDLE_LOADER = "$(TEST_HOST)";
				CODE_SIGN_STYLE = Automatic;
				CURRENT_PROJECT_VERSION = 1;
				DEVELOPMENT_TEAM = T7RASQ6V2X;
				GENERATE_INFOPLIST_FILE = YES;
				IPHONEOS_DEPLOYMENT_TARGET = 16.4;
				MARKETING_VERSION = 1.0;
				PRODUCT_BUNDLE_IDENTIFIER = codigomu.com.claseswiftuiTests;
				PRODUCT_NAME = "$(TARGET_NAME)";
				SWIFT_EMIT_LOC_STRINGS = NO;
				SWIFT_VERSION = 5.0;
				TARGETED_DEVICE_FAMILY = "1,2";
				TEST_HOST = "$(BUILT_PRODUCTS_DIR)/claseswiftui.app/$(BUNDLE_EXECUTABLE_FOLDER_PATH)/claseswiftui";
			};
			name = Debug;
		};
		8C30C8672F6F6FB3009C5637 /* Release */ = {
			isa = XCBuildConfiguration;
			buildSettings = {
				ALWAYS_EMBED_SWIFT_STANDARD_LIBRARIES = YES;
				BUNDLE_LOADER = "$(TEST_HOST)";
				CODE_SIGN_STYLE = Automatic;
				CURRENT_PROJECT_VERSION = 1;
				DEVELOPMENT_TEAM = T7RASQ6V2X;
				GENERATE_INFOPLIST_FILE = YES;
				IPHONEOS_DEPLOYMENT_TARGET = 16.4;
				MARKETING_VERSION = 1.0;
				PRODUCT_BUNDLE_IDENTIFIER = codigomu.com.claseswiftuiTests;
				PRODUCT_NAME = "$(TARGET_NAME)";
				SWIFT_EMIT_LOC_STRINGS = NO;
				SWIFT_VERSION = 5.0;
				TARGETED_DEVICE_FAMILY = "1,2";
				TEST_HOST = "$(BUILT_PRODUCTS_DIR)/claseswiftui.app/$(BUNDLE_EXECUTABLE_FOLDER_PATH)/claseswiftui";
			};
			name = Release;
		};
		8C30C8692F6F6FB3009C5637 /* Debug */ = {
			isa = XCBuildConfiguration;
			buildSettings = {
				ALWAYS_EMBED_SWIFT_STANDARD_LIBRARIES = YES;
				CODE_SIGN_STYLE = Automatic;
				CURRENT_PROJECT_VERSION = 1;
				DEVELOPMENT_TEAM = T7RASQ6V2X;
				GENERATE_INFOPLIST_FILE = YES;
				MARKETING_VERSION = 1.0;
				PRODUCT_BUNDLE_IDENTIFIER = codigomu.com.claseswiftuiUITests;
				PRODUCT_NAME = "$(TARGET_NAME)";
				SWIFT_EMIT_LOC_STRINGS = NO;
				SWIFT_VERSION = 5.0;
				TARGETED_DEVICE_FAMILY = "1,2";
				TEST_TARGET_NAME = claseswiftui;
			};
			name = Debug;
		};
		8C30C86A2F6F6FB3009C5637 /* Release */ = {
			isa = XCBuildConfiguration;
			buildSettings = {
				ALWAYS_EMBED_SWIFT_STANDARD_LIBRARIES = YES;
				CODE_SIGN_STYLE = Automatic;
				CURRENT_PROJECT_VERSION = 1;
				DEVELOPMENT_TEAM = T7RASQ6V2X;
				GENERATE_INFOPLIST_FILE = YES;
				MARKETING_VERSION = 1.0;
				PRODUCT_BUNDLE_IDENTIFIER = codigomu.com.claseswiftuiUITests;
				PRODUCT_NAME = "$(TARGET_NAME)";
				SWIFT_EMIT_LOC_STRINGS = NO;
				SWIFT_VERSION = 5.0;
				TARGETED_DEVICE_FAMILY = "1,2";
				TEST_TARGET_NAME = claseswiftui;
			};
			name = Release;
		};
/* End XCBuildConfiguration section */

/* Begin XCConfigurationList section */
		8C30C8392F6F6FB1009C5637 /* Build configuration list for PBXProject "claseswiftui" */ = {
			isa = XCConfigurationList;
			buildConfigurations = (
				8C30C8602F6F6FB3009C5637 /* Debug */,
				8C30C8612F6F6FB3009C5637 /* Release */,
			);
			defaultConfigurationIsVisible = 0;
			defaultConfigurationName = Release;
		};
		8C30C8622F6F6FB3009C5637 /* Build configuration list for PBXNativeTarget "claseswiftui" */ = {
			isa = XCConfigurationList;
			buildConfigurations = (
				8C30C8632F6F6FB3009C5637 /* Debug */,
				8C30C8642F6F6FB3009C5637 /* Release */,
			);
			defaultConfigurationIsVisible = 0;
			defaultConfigurationName = Release;
		};
		8C30C8652F6F6FB3009C5637 /* Build configuration list for PBXNativeTarget "claseswiftuiTests" */ = {
			isa = XCConfigurationList;
			buildConfigurations = (
				8C30C8662F6F6FB3009C5637 /* Debug */,
				8C30C8672F6F6FB3009C5637 /* Release */,
			);
			defaultConfigurationIsVisible = 0;
			defaultConfigurationName = Release;
		};
		8C30C8682F6F6FB3009C5637 /* Build configuration list for PBXNativeTarget "claseswiftuiUITests" */ = {
			isa = XCConfigurationList;
			buildConfigurations = (
				8C30C8692F6F6FB3009C5637 /* Debug */,
				8C30C86A2F6F6FB3009C5637 /* Release */,
			);
			defaultConfigurationIsVisible = 0;
			defaultConfigurationName = Release;
		};
/* End XCConfigurationList section */
	};
	rootObject = 8C30C8362F6F6FB1009C5637 /* Project object */;
}
